// !$*UTF8*$!
{
	archiveVersion = 1;
	classes = {
	};
	objectVersion = 46;
	objects = {

/* Begin PBXBuildFile section */
		7E6C23E01B5912F300633B06 /* liblua.a in Frameworks */ = {isa = PBXBuildFile; fileRef = 7E6C23D41B5912F300633B06 /* liblua.a */; };
		7E6C24531B59138A00633B06 /* lapi.c in Sources */ = {isa = PBXBuildFile; fileRef = 7E6C23F81B59138A00633B06 /* lapi.c */; };
		7E6C24551B59138A00633B06 /* lauxlib.c in Sources */ = {isa = PBXBuildFile; fileRef = 7E6C23FB1B59138A00633B06 /* lauxlib.c */; };
		7E6C24571B59138A00633B06 /* lbaselib.c in Sources */ = {isa = PBXBuildFile; fileRef = 7E6C23FE1B59138A00633B06 /* lbaselib.c */; };
		7E6C24591B59138A00633B06 /* lcode.c in Sources */ = {isa = PBXBuildFile; fileRef = 7E6C24001B59138A00633B06 /* lcode.c */; };
		7E6C245B1B59138A00633B06 /* ldblib.c in Sources */ = {isa = PBXBuildFile; fileRef = 7E6C24031B59138A00633B06 /* ldblib.c */; };
		7E6C245D1B59138A00633B06 /* ldebug.c in Sources */ = {isa = PBXBuildFile; fileRef = 7E6C24051B59138A00633B06 /* ldebug.c */; };
		7E6C245F1B59138A00633B06 /* ldo.c in Sources */ = {isa = PBXBuildFile; fileRef = 7E6C24081B59138A00633B06 /* ldo.c */; };
		7E6C24611B59138A00633B06 /* ldump.c in Sources */ = {isa = PBXBuildFile; fileRef = 7E6C240B1B59138A00633B06 /* ldump.c */; };
		7E6C24631B59138A00633B06 /* lfunc.c in Sources */ = {isa = PBXBuildFile; fileRef = 7E6C240D1B59138A00633B06 /* lfunc.c */; };
		7E6C24651B59138A00633B06 /* lgc.c in Sources */ = {isa = PBXBuildFile; fileRef = 7E6C24101B59138A00633B06 /* lgc.c */; };
		7E6C24681B59138B00633B06 /* linit.c in Sources */ = {isa = PBXBuildFile; fileRef = 7E6C24141B59138A00633B06 /* linit.c */; };
		7E6C246A1B59138B00633B06 /* liolib.c in Sources */ = {isa = PBXBuildFile; fileRef = 7E6C24161B59138A00633B06 /* liolib.c */; };
		7E6C246C1B59138B00633B06 /* llex.c in Sources */ = {isa = PBXBuildFile; fileRef = 7E6C24181B59138A00633B06 /* llex.c */; };
		7E6C246E1B59138B00633B06 /* lmathlib.c in Sources */ = {isa = PBXBuildFile; fileRef = 7E6C241C1B59138A00633B06 /* lmathlib.c */; };
		7E6C24701B59138B00633B06 /* lmem.c in Sources */ = {isa = PBXBuildFile; fileRef = 7E6C241E1B59138A00633B06 /* lmem.c */; };
		7E6C24721B59138B00633B06 /* loadlib.c in Sources */ = {isa = PBXBuildFile; fileRef = 7E6C24211B59138A00633B06 /* loadlib.c */; };
		7E6C24741B59138B00633B06 /* lobject.c in Sources */ = {isa = PBXBuildFile; fileRef = 7E6C24231B59138A00633B06 /* lobject.c */; };
		7E6C24761B59138B00633B06 /* lopcodes.c in Sources */ = {isa = PBXBuildFile; fileRef = 7E6C24261B59138A00633B06 /* lopcodes.c */; };
		7E6C24781B59138B00633B06 /* loslib.c in Sources */ = {isa = PBXBuildFile; fileRef = 7E6C24291B59138A00633B06 /* loslib.c */; };
		7E6C247A1B59138B00633B06 /* lparser.c in Sources */ = {isa = PBXBuildFile; fileRef = 7E6C242B1B59138A00633B06 /* lparser.c */; };
		7E6C247C1B59138B00633B06 /* lstate.c in Sources */ = {isa = PBXBuildFile; fileRef = 7E6C242E1B59138A00633B06 /* lstate.c */; };
		7E6C247E1B59138B00633B06 /* lstring.c in Sources */ = {isa = PBXBuildFile; fileRef = 7E6C24311B59138A00633B06 /* lstring.c */; };
		7E6C24801B59138B00633B06 /* lstrlib.c in Sources */ = {isa = PBXBuildFile; fileRef = 7E6C24341B59138A00633B06 /* lstrlib.c */; };
		7E6C24821B59138B00633B06 /* ltable.c in Sources */ = {isa = PBXBuildFile; fileRef = 7E6C24361B59138A00633B06 /* ltable.c */; };
		7E6C24841B59138B00633B06 /* ltablib.c in Sources */ = {isa = PBXBuildFile; fileRef = 7E6C24391B59138A00633B06 /* ltablib.c */; };
		7E6C24861B59138B00633B06 /* ltm.c in Sources */ = {isa = PBXBuildFile; fileRef = 7E6C243B1B59138A00633B06 /* ltm.c */; };
		7E6C248C1B59138B00633B06 /* lundump.c in Sources */ = {isa = PBXBuildFile; fileRef = 7E6C24471B59138A00633B06 /* lundump.c */; };
		7E6C248E1B59138B00633B06 /* lvm.c in Sources */ = {isa = PBXBuildFile; fileRef = 7E6C244A1B59138A00633B06 /* lvm.c */; };
		7E6C24901B59138B00633B06 /* lzio.c in Sources */ = {isa = PBXBuildFile; fileRef = 7E6C244D1B59138A00633B06 /* lzio.c */; };
		7E6C24931B59138B00633B06 /* print.c in Sources */ = {isa = PBXBuildFile; fileRef = 7E6C24511B59138A00633B06 /* print.c */; };
/* End PBXBuildFile section */

/* Begin PBXContainerItemProxy section */
		7E6C23E11B5912F300633B06 /* PBXContainerItemProxy */ = {
			isa = PBXContainerItemProxy;
			containerPortal = 7E6C23CC1B5912F300633B06 /* Project object */;
			proxyType = 1;
			remoteGlobalIDString = 7E6C23D31B5912F300633B06;
			remoteInfo = lua;
		};
/* End PBXContainerItemProxy section */

/* Begin PBXCopyFilesBuildPhase section */
		7E6C23D21B5912F300633B06 /* CopyFiles */ = {
			isa = PBXCopyFilesBuildPhase;
			buildActionMask = 2147483647;
			dstPath = "include/$(PRODUCT_NAME)";
			dstSubfolderSpec = 16;
			files = (
			);
			runOnlyForDeploymentPostprocessing = 0;
		};
/* End PBXCopyFilesBuildPhase section */

/* Begin PBXFileReference section */
		7E6C23D41B5912F300633B06 /* liblua.a */ = {isa = PBXFileReference; explicitFileType = archive.ar; includeInIndex = 0; path = liblua.a; sourceTree = BUILT_PRODUCTS_DIR; };
		7E6C23DF1B5912F300633B06 /* luaTests.xctest */ = {isa = PBXFileReference; explicitFileType = wrapper.cfbundle; includeInIndex = 0; path = luaTests.xctest; sourceTree = BUILT_PRODUCTS_DIR; };
		7E6C23F81B59138A00633B06 /* lapi.c */ = {isa = PBXFileReference; fileEncoding = 4; lastKnownFileType = sourcecode.c.c; path = lapi.c; sourceTree = "<group>"; };
		7E6C23F91B59138A00633B06 /* lapi.h */ = {isa = PBXFileReference; fileEncoding = 4; lastKnownFileType = sourcecode.c.h; path = lapi.h; sourceTree = "<group>"; };
		7E6C23FB1B59138A00633B06 /* lauxlib.c */ = {isa = PBXFileReference; fileEncoding = 4; lastKnownFileType = sourcecode.c.c; path = lauxlib.c; sourceTree = "<group>"; };
		7E6C23FC1B59138A00633B06 /* lauxlib.h */ = {isa = PBXFileReference; fileEncoding = 4; lastKnownFileType = sourcecode.c.h; path = lauxlib.h; sourceTree = "<group>"; };
		7E6C23FE1B59138A00633B06 /* lbaselib.c */ = {isa = PBXFileReference; fileEncoding = 4; lastKnownFileType = sourcecode.c.c; path = lbaselib.c; sourceTree = "<group>"; };
		7E6C24001B59138A00633B06 /* lcode.c */ = {isa = PBXFileReference; fileEncoding = 4; lastKnownFileType = sourcecode.c.c; path = lcode.c; sourceTree = "<group>"; };
		7E6C24011B59138A00633B06 /* lcode.h */ = {isa = PBXFileReference; fileEncoding = 4; lastKnownFileType = sourcecode.c.h; path = lcode.h; sourceTree = "<group>"; };
		7E6C24031B59138A00633B06 /* ldblib.c */ = {isa = PBXFileReference; fileEncoding = 4; lastKnownFileType = sourcecode.c.c; path = ldblib.c; sourceTree = "<group>"; };
		7E6C24051B59138A00633B06 /* ldebug.c */ = {isa = PBXFileReference; fileEncoding = 4; lastKnownFileType = sourcecode.c.c; path = ldebug.c; sourceTree = "<group>"; };
		7E6C24061B59138A00633B06 /* ldebug.h */ = {isa = PBXFileReference; fileEncoding = 4; lastKnownFileType = sourcecode.c.h; path = ldebug.h; sourceTree = "<group>"; };
		7E6C24081B59138A00633B06 /* ldo.c */ = {isa = PBXFileReference; fileEncoding = 4; lastKnownFileType = sourcecode.c.c; path = ldo.c; sourceTree = "<group>"; };
		7E6C24091B59138A00633B06 /* ldo.h */ = {isa = PBXFileReference; fileEncoding = 4; lastKnownFileType = sourcecode.c.h; path = ldo.h; sourceTree = "<group>"; };
		7E6C240B1B59138A00633B06 /* ldump.c */ = {isa = PBXFileReference; fileEncoding = 4; lastKnownFileType = sourcecode.c.c; path = ldump.c; sourceTree = "<group>"; };
		7E6C240D1B59138A00633B06 /* lfunc.c */ = {isa = PBXFileReference; fileEncoding = 4; lastKnownFileType = sourcecode.c.c; path = lfunc.c; sourceTree = "<group>"; };
		7E6C240E1B59138A00633B06 /* lfunc.h */ = {isa = PBXFileReference; fileEncoding = 4; lastKnownFileType = sourcecode.c.h; path = lfunc.h; sourceTree = "<group>"; };
		7E6C24101B59138A00633B06 /* lgc.c */ = {isa = PBXFileReference; fileEncoding = 4; lastKnownFileType = sourcecode.c.c; path = lgc.c; sourceTree = "<group>"; };
		7E6C24111B59138A00633B06 /* lgc.h */ = {isa = PBXFileReference; fileEncoding = 4; lastKnownFileType = sourcecode.c.h; path = lgc.h; sourceTree = "<group>"; };
		7E6C24141B59138A00633B06 /* linit.c */ = {isa = PBXFileReference; fileEncoding = 4; lastKnownFileType = sourcecode.c.c; path = linit.c; sourceTree = "<group>"; };
		7E6C24161B59138A00633B06 /* liolib.c */ = {isa = PBXFileReference; fileEncoding = 4; lastKnownFileType = sourcecode.c.c; path = liolib.c; sourceTree = "<group>"; };
		7E6C24181B59138A00633B06 /* llex.c */ = {isa = PBXFileReference; fileEncoding = 4; lastKnownFileType = sourcecode.c.c; path = llex.c; sourceTree = "<group>"; };
		7E6C24191B59138A00633B06 /* llex.h */ = {isa = PBXFileReference; fileEncoding = 4; lastKnownFileType = sourcecode.c.h; path = llex.h; sourceTree = "<group>"; };
		7E6C241B1B59138A00633B06 /* llimits.h */ = {isa = PBXFileReference; fileEncoding = 4; lastKnownFileType = sourcecode.c.h; path = llimits.h; sourceTree = "<group>"; };
		7E6C241C1B59138A00633B06 /* lmathlib.c */ = {isa = PBXFileReference; fileEncoding = 4; lastKnownFileType = sourcecode.c.c; path = lmathlib.c; sourceTree = "<group>"; };
		7E6C241E1B59138A00633B06 /* lmem.c */ = {isa = PBXFileReference; fileEncoding = 4; lastKnownFileType = sourcecode.c.c; path = lmem.c; sourceTree = "<group>"; };
		7E6C241F1B59138A00633B06 /* lmem.h */ = {isa = PBXFileReference; fileEncoding = 4; lastKnownFileType = sourcecode.c.h; path = lmem.h; sourceTree = "<group>"; };
		7E6C24211B59138A00633B06 /* loadlib.c */ = {isa = PBXFileReference; fileEncoding = 4; lastKnownFileType = sourcecode.c.c; path = loadlib.c; sourceTree = "<group>"; };
		7E6C24231B59138A00633B06 /* lobject.c */ = {isa = PBXFileReference; fileEncoding = 4; lastKnownFileType = sourcecode.c.c; path = lobject.c; sourceTree = "<group>"; };
		7E6C24241B59138A00633B06 /* lobject.h */ = {isa = PBXFileReference; fileEncoding = 4; lastKnownFileType = sourcecode.c.h; path = lobject.h; sourceTree = "<group>"; };
		7E6C24261B59138A00633B06 /* lopcodes.c */ = {isa = PBXFileReference; fileEncoding = 4; lastKnownFileType = sourcecode.c.c; path = lopcodes.c; sourceTree = "<group>"; };
		7E6C24271B59138A00633B06 /* lopcodes.h */ = {isa = PBXFileReference; fileEncoding = 4; lastKnownFileType = sourcecode.c.h; path = lopcodes.h; sourceTree = "<group>"; };
		7E6C24291B59138A00633B06 /* loslib.c */ = {isa = PBXFileReference; fileEncoding = 4; lastKnownFileType = sourcecode.c.c; path = loslib.c; sourceTree = "<group>"; };
		7E6C242B1B59138A00633B06 /* lparser.c */ = {isa = PBXFileReference; fileEncoding = 4; lastKnownFileType = sourcecode.c.c; path = lparser.c; sourceTree = "<group>"; };
		7E6C242C1B59138A00633B06 /* lparser.h */ = {isa = PBXFileReference; fileEncoding = 4; lastKnownFileType = sourcecode.c.h; path = lparser.h; sourceTree = "<group>"; };
		7E6C242E1B59138A00633B06 /* lstate.c */ = {isa = PBXFileReference; fileEncoding = 4; lastKnownFileType = sourcecode.c.c; path = lstate.c; sourceTree = "<group>"; };
		7E6C242F1B59138A00633B06 /* lstate.h */ = {isa = PBXFileReference; fileEncoding = 4; lastKnownFileType = sourcecode.c.h; path = lstate.h; sourceTree = "<group>"; };
		7E6C24311B59138A00633B06 /* lstring.c */ = {isa = PBXFileReference; fileEncoding = 4; lastKnownFileType = sourcecode.c.c; path = lstring.c; sourceTree = "<group>"; };
		7E6C24321B59138A00633B06 /* lstring.h */ = {isa = PBXFileReference; fileEncoding = 4; lastKnownFileType = sourcecode.c.h; path = lstring.h; sourceTree = "<group>"; };
		7E6C24341B59138A00633B06 /* lstrlib.c */ = {isa = PBXFileReference; fileEncoding = 4; lastKnownFileType = sourcecode.c.c; path = lstrlib.c; sourceTree = "<group>"; };
		7E6C24361B59138A00633B06 /* ltable.c */ = {isa = PBXFileReference; fileEncoding = 4; lastKnownFileType = sourcecode.c.c; path = ltable.c; sourceTree = "<group>"; };
		7E6C24371B59138A00633B06 /* ltable.h */ = {isa = PBXFileReference; fileEncoding = 4; lastKnownFileType = sourcecode.c.h; path = ltable.h; sourceTree = "<group>"; };
		7E6C24391B59138A00633B06 /* ltablib.c */ = {isa = PBXFileReference; fileEncoding = 4; lastKnownFileType = sourcecode.c.c; path = ltablib.c; sourceTree = "<group>"; };
		7E6C243B1B59138A00633B06 /* ltm.c */ = {isa = PBXFileReference; fileEncoding = 4; lastKnownFileType = sourcecode.c.c; path = ltm.c; sourceTree = "<group>"; };
		7E6C243C1B59138A00633B06 /* ltm.h */ = {isa = PBXFileReference; fileEncoding = 4; lastKnownFileType = sourcecode.c.h; path = ltm.h; sourceTree = "<group>"; };
		7E6C24401B59138A00633B06 /* lua.h */ = {isa = PBXFileReference; fileEncoding = 4; lastKnownFileType = sourcecode.c.h; path = lua.h; sourceTree = "<group>"; };
		7E6C24451B59138A00633B06 /* luaconf.h */ = {isa = PBXFileReference; fileEncoding = 4; lastKnownFileType = sourcecode.c.h; path = luaconf.h; sourceTree = "<group>"; };
		7E6C24461B59138A00633B06 /* lualib.h */ = {isa = PBXFileReference; fileEncoding = 4; lastKnownFileType = sourcecode.c.h; path = lualib.h; sourceTree = "<group>"; };
		7E6C24471B59138A00633B06 /* lundump.c */ = {isa = PBXFileReference; fileEncoding = 4; lastKnownFileType = sourcecode.c.c; path = lundump.c; sourceTree = "<group>"; };
		7E6C24481B59138A00633B06 /* lundump.h */ = {isa = PBXFileReference; fileEncoding = 4; lastKnownFileType = sourcecode.c.h; path = lundump.h; sourceTree = "<group>"; };
		7E6C244A1B59138A00633B06 /* lvm.c */ = {isa = PBXFileReference; fileEncoding = 4; lastKnownFileType = sourcecode.c.c; path = lvm.c; sourceTree = "<group>"; };
		7E6C244B1B59138A00633B06 /* lvm.h */ = {isa = PBXFileReference; fileEncoding = 4; lastKnownFileType = sourcecode.c.h; path = lvm.h; sourceTree = "<group>"; };
		7E6C244D1B59138A00633B06 /* lzio.c */ = {isa = PBXFileReference; fileEncoding = 4; lastKnownFileType = sourcecode.c.c; path = lzio.c; sourceTree = "<group>"; };
		7E6C244E1B59138A00633B06 /* lzio.h */ = {isa = PBXFileReference; fileEncoding = 4; lastKnownFileType = sourcecode.c.h; path = lzio.h; sourceTree = "<group>"; };
		7E6C24511B59138A00633B06 /* print.c */ = {isa = PBXFileReference; fileEncoding = 4; lastKnownFileType = sourcecode.c.c; path = print.c; sourceTree = "<group>"; };
/* End PBXFileReference section */

/* Begin PBXFrameworksBuildPhase section */
		7E6C23D11B5912F300633B06 /* Frameworks */ = {
			isa = PBXFrameworksBuildPhase;
			buildActionMask = 2147483647;
			files = (
			);
			runOnlyForDeploymentPostprocessing = 0;
		};
		7E6C23DC1B5912F300633B06 /* Frameworks */ = {
			isa = PBXFrameworksBuildPhase;
			buildActionMask = 2147483647;
			files = (
				7E6C23E01B5912F300633B06 /* liblua.a in Frameworks */,
			);
			runOnlyForDeploymentPostprocessing = 0;
		};
/* End PBXFrameworksBuildPhase section */

/* Begin PBXGroup section */
		7E6C23CB1B5912F300633B06 = {
			isa = PBXGroup;
			children = (
				7E6C23F71B59138A00633B06 /* src */,
				7E6C23D51B5912F300633B06 /* Products */,
			);
			sourceTree = "<group>";
		};
		7E6C23D51B5912F300633B06 /* Products */ = {
			isa = PBXGroup;
			children = (
				7E6C23D41B5912F300633B06 /* liblua.a */,
				7E6C23DF1B5912F300633B06 /* luaTests.xctest */,
			);
			name = Products;
			sourceTree = "<group>";
		};
		7E6C23F71B59138A00633B06 /* src */ = {
			isa = PBXGroup;
			children = (
				7E6C23F81B59138A00633B06 /* lapi.c */,
				7E6C23F91B59138A00633B06 /* lapi.h */,
				7E6C23FB1B59138A00633B06 /* lauxlib.c */,
				7E6C23FC1B59138A00633B06 /* lauxlib.h */,
				7E6C23FE1B59138A00633B06 /* lbaselib.c */,
				7E6C24001B59138A00633B06 /* lcode.c */,
				7E6C24011B59138A00633B06 /* lcode.h */,
				7E6C24031B59138A00633B06 /* ldblib.c */,
				7E6C24051B59138A00633B06 /* ldebug.c */,
				7E6C24061B59138A00633B06 /* ldebug.h */,
				7E6C24081B59138A00633B06 /* ldo.c */,
				7E6C24091B59138A00633B06 /* ldo.h */,
				7E6C240B1B59138A00633B06 /* ldump.c */,
				7E6C240D1B59138A00633B06 /* lfunc.c */,
				7E6C240E1B59138A00633B06 /* lfunc.h */,
				7E6C24101B59138A00633B06 /* lgc.c */,
				7E6C24111B59138A00633B06 /* lgc.h */,
				7E6C24141B59138A00633B06 /* linit.c */,
				7E6C24161B59138A00633B06 /* liolib.c */,
				7E6C24181B59138A00633B06 /* llex.c */,
				7E6C24191B59138A00633B06 /* llex.h */,
				7E6C241B1B59138A00633B06 /* llimits.h */,
				7E6C241C1B59138A00633B06 /* lmathlib.c */,
				7E6C241E1B59138A00633B06 /* lmem.c */,
				7E6C241F1B59138A00633B06 /* lmem.h */,
				7E6C24211B59138A00633B06 /* loadlib.c */,
				7E6C24231B59138A00633B06 /* lobject.c */,
				7E6C24241B59138A00633B06 /* lobject.h */,
				7E6C24261B59138A00633B06 /* lopcodes.c */,
				7E6C24271B59138A00633B06 /* lopcodes.h */,
				7E6C24291B59138A00633B06 /* loslib.c */,
				7E6C242B1B59138A00633B06 /* lparser.c */,
				7E6C242C1B59138A00633B06 /* lparser.h */,
				7E6C242E1B59138A00633B06 /* lstate.c */,
				7E6C242F1B59138A00633B06 /* lstate.h */,
				7E6C24311B59138A00633B06 /* lstring.c */,
				7E6C24321B59138A00633B06 /* lstring.h */,
				7E6C24341B59138A00633B06 /* lstrlib.c */,
				7E6C24361B59138A00633B06 /* ltable.c */,
				7E6C24371B59138A00633B06 /* ltable.h */,
				7E6C24391B59138A00633B06 /* ltablib.c */,
				7E6C243B1B59138A00633B06 /* ltm.c */,
				7E6C243C1B59138A00633B06 /* ltm.h */,
				7E6C24401B59138A00633B06 /* lua.h */,
				7E6C24451B59138A00633B06 /* luaconf.h */,
				7E6C24461B59138A00633B06 /* lualib.h */,
				7E6C24471B59138A00633B06 /* lundump.c */,
				7E6C24481B59138A00633B06 /* lundump.h */,
				7E6C244A1B59138A00633B06 /* lvm.c */,
				7E6C244B1B59138A00633B06 /* lvm.h */,
				7E6C244D1B59138A00633B06 /* lzio.c */,
				7E6C244E1B59138A00633B06 /* lzio.h */,
				7E6C24511B59138A00633B06 /* print.c */,
			);
			path = src;
			sourceTree = "<group>";
		};
/* End PBXGroup section */

/* Begin PBXNativeTarget section */
		7E6C23D31B5912F300633B06 /* lua */ = {
			isa = PBXNativeTarget;
			buildConfigurationList = 7E6C23E81B5912F300633B06 /* Build configuration list for PBXNativeTarget "lua" */;
			buildPhases = (
				7E6C23D01B5912F300633B06 /* Sources */,
				7E6C23D11B5912F300633B06 /* Frameworks */,
				7E6C23D21B5912F300633B06 /* CopyFiles */,
			);
			buildRules = (
			);
			dependencies = (
			);
			name = lua;
			productName = lua;
			productReference = 7E6C23D41B5912F300633B06 /* liblua.a */;
			productType = "com.apple.product-type.library.static";
		};
		7E6C23DE1B5912F300633B06 /* luaTests */ = {
			isa = PBXNativeTarget;
			buildConfigurationList = 7E6C23EB1B5912F300633B06 /* Build configuration list for PBXNativeTarget "luaTests" */;
			buildPhases = (
				7E6C23DB1B5912F300633B06 /* Sources */,
				7E6C23DC1B5912F300633B06 /* Frameworks */,
				7E6C23DD1B5912F300633B06 /* Resources */,
			);
			buildRules = (
			);
			dependencies = (
				7E6C23E21B5912F300633B06 /* PBXTargetDependency */,
			);
			name = luaTests;
			productName = luaTests;
			productReference = 7E6C23DF1B5912F300633B06 /* luaTests.xctest */;
			productType = "com.apple.product-type.bundle.unit-test";
		};
/* End PBXNativeTarget section */

/* Begin PBXProject section */
		7E6C23CC1B5912F300633B06 /* Project object */ = {
			isa = PBXProject;
			attributes = {
				LastUpgradeCheck = 0640;
				ORGANIZATIONNAME = bzx;
				TargetAttributes = {
					7E6C23D31B5912F300633B06 = {
						CreatedOnToolsVersion = 6.4;
					};
					7E6C23DE1B5912F300633B06 = {
						CreatedOnToolsVersion = 6.4;
					};
				};
			};
			buildConfigurationList = 7E6C23CF1B5912F300633B06 /* Build configuration list for PBXProject "lua" */;
			compatibilityVersion = "Xcode 3.2";
			developmentRegion = English;
			hasScannedForEncodings = 0;
			knownRegions = (
				en,
			);
			mainGroup = 7E6C23CB1B5912F300633B06;
			productRefGroup = 7E6C23D51B5912F300633B06 /* Products */;
			projectDirPath = "";
			projectRoot = "";
			targets = (
				7E6C23D31B5912F300633B06 /* lua */,
				7E6C23DE1B5912F300633B06 /* luaTests */,
			);
		};
/* End PBXProject section */

/* Begin PBXResourcesBuildPhase section */
		7E6C23DD1B5912F300633B06 /* Resources */ = {
			isa = PBXResourcesBuildPhase;
			buildActionMask = 2147483647;
			files = (
			);
			runOnlyForDeploymentPostprocessing = 0;
		};
/* End PBXResourcesBuildPhase section */

/* Begin PBXSourcesBuildPhase section */
		7E6C23D01B5912F300633B06 /* Sources */ = {
			isa = PBXSourcesBuildPhase;
			buildActionMask = 2147483647;
			files = (
				7E6C246C1B59138B00633B06 /* llex.c in Sources */,
				7E6C24721B59138B00633B06 /* loadlib.c in Sources */,
				7E6C24841B59138B00633B06 /* ltablib.c in Sources */,
				7E6C246A1B59138B00633B06 /* liolib.c in Sources */,
				7E6C247E1B59138B00633B06 /* lstring.c in Sources */,
				7E6C24631B59138A00633B06 /* lfunc.c in Sources */,
				7E6C24801B59138B00633B06 /* lstrlib.c in Sources */,
				7E6C24901B59138B00633B06 /* lzio.c in Sources */,
				7E6C24531B59138A00633B06 /* lapi.c in Sources */,
				7E6C24741B59138B00633B06 /* lobject.c in Sources */,
				7E6C24861B59138B00633B06 /* ltm.c in Sources */,
				7E6C24651B59138A00633B06 /* lgc.c in Sources */,
				7E6C248C1B59138B00633B06 /* lundump.c in Sources */,
				7E6C24551B59138A00633B06 /* lauxlib.c in Sources */,
				7E6C24611B59138A00633B06 /* ldump.c in Sources */,
				7E6C24931B59138B00633B06 /* print.c in Sources */,
				7E6C24781B59138B00633B06 /* loslib.c in Sources */,
				7E6C245F1B59138A00633B06 /* ldo.c in Sources */,
				7E6C24761B59138B00633B06 /* lopcodes.c in Sources */,
				7E6C24571B59138A00633B06 /* lbaselib.c in Sources */,
				7E6C24681B59138B00633B06 /* linit.c in Sources */,
				7E6C247C1B59138B00633B06 /* lstate.c in Sources */,
				7E6C24701B59138B00633B06 /* lmem.c in Sources */,
				7E6C24591B59138A00633B06 /* lcode.c in Sources */,
				7E6C245D1B59138A00633B06 /* ldebug.c in Sources */,
				7E6C246E1B59138B00633B06 /* lmathlib.c in Sources */,
				7E6C24821B59138B00633B06 /* ltable.c in Sources */,
				7E6C248E1B59138B00633B06 /* lvm.c in Sources */,
				7E6C245B1B59138A00633B06 /* ldblib.c in Sources */,
				7E6C247A1B59138B00633B06 /* lparser.c in Sources */,
			);
			runOnlyForDeploymentPostprocessing = 0;
		};
		7E6C23DB1B5912F300633B06 /* Sources */ = {
			isa = PBXSourcesBuildPhase;
			buildActionMask = 2147483647;
			files = (
			);
			runOnlyForDeploymentPostprocessing = 0;
		};
/* End PBXSourcesBuildPhase section */

/* Begin PBXTargetDependency section */
		7E6C23E21B5912F300633B06 /* PBXTargetDependency */ = {
			isa = PBXTargetDependency;
			target = 7E6C23D31B5912F300633B06 /* lua */;
			targetProxy = 7E6C23E11B5912F300633B06 /* PBXContainerItemProxy */;
		};
/* End PBXTargetDependency section */

/* Begin XCBuildConfiguration section */
		7E6C23E61B5912F300633B06 /* Debug */ = {
			isa = XCBuildConfiguration;
			buildSettings = {
				ALWAYS_SEARCH_USER_PATHS = NO;
				CLANG_CXX_LANGUAGE_STANDARD = "gnu++0x";
				CLANG_CXX_LIBRARY = "libc++";
				CLANG_ENABLE_MODULES = YES;
				CLANG_ENABLE_OBJC_ARC = YES;
				CLANG_WARN_BOOL_CONVERSION = YES;
				CLANG_WARN_CONSTANT_CONVERSION = YES;
				CLANG_WARN_DIRECT_OBJC_ISA_USAGE = YES_ERROR;
				CLANG_WARN_EMPTY_BODY = YES;
				CLANG_WARN_ENUM_CONVERSION = YES;
				CLANG_WARN_INT_CONVERSION = YES;
				CLANG_WARN_OBJC_ROOT_CLASS = YES_ERROR;
				CLANG_WARN_UNREACHABLE_CODE = YES;
				CLANG_WARN__DUPLICATE_METHOD_MATCH = YES;
				COPY_PHASE_STRIP = NO;
				DEBUG_INFORMATION_FORMAT = "dwarf-with-dsym";
				ENABLE_STRICT_OBJC_MSGSEND = YES;
				GCC_C_LANGUAGE_STANDARD = gnu99;
				GCC_DYNAMIC_NO_PIC = NO;
				GCC_NO_COMMON_BLOCKS = YES;
				GCC_OPTIMIZATION_LEVEL = 0;
				GCC_PREPROCESSOR_DEFINITIONS = (
					"DEBUG=1",
					"$(inherited)",
				);
				GCC_SYMBOLS_PRIVATE_EXTERN = NO;
				GCC_WARN_64_TO_32_BIT_CONVERSION = YES;
				GCC_WARN_ABOUT_RETURN_TYPE = YES_ERROR;
				GCC_WARN_UNDECLARED_SELECTOR = YES;
				GCC_WARN_UNINITIALIZED_AUTOS = YES_AGGRESSIVE;
				GCC_WARN_UNUSED_FUNCTION = YES;
				GCC_WARN_UNUSED_VARIABLE = YES;
				IPHONEOS_DEPLOYMENT_TARGET = 8.4;
				MTL_ENABLE_DEBUG_INFO = YES;
				ONLY_ACTIVE_ARCH = YES;
				SDKROOT = iphoneos;
			};
			name = Debug;
		};
		7E6C23E71B5912F300633B06 /* Release */ = {
			isa = XCBuildConfiguration;
			buildSettings = {
				ALWAYS_SEARCH_USER_PATHS = NO;
				CLANG_CXX_LANGUAGE_STANDARD = "gnu++0x";
				CLANG_CXX_LIBRARY = "libc++";
				CLANG_ENABLE_MODULES = YES;
				CLANG_ENABLE_OBJC_ARC = YES;
				CLANG_WARN_BOOL_CONVERSION = YES;
				CLANG_WARN_CONSTANT_CONVERSION = YES;
				CLANG_WARN_DIRECT_OBJC_ISA_USAGE = YES_ERROR;
				CLANG_WARN_EMPTY_BODY = YES;
				CLANG_WARN_ENUM_CONVERSION = YES;
				CLANG_WARN_INT_CONVERSION = YES;
				CLANG_WARN_OBJC_ROOT_CLASS = YES_ERROR;
				CLANG_WARN_UNREACHABLE_CODE = YES;
				CLANG_WARN__DUPLICATE_METHOD_MATCH = YES;
				COPY_PHASE_STRIP = NO;
				DEBUG_INFORMATION_FORMAT = "dwarf-with-dsym";
				ENABLE_NS_ASSERTIONS = NO;
				ENABLE_STRICT_OBJC_MSGSEND = YES;
				GCC_C_LANGUAGE_STANDARD = gnu99;
				GCC_NO_COMMON_BLOCKS = YES;
				GCC_WARN_64_TO_32_BIT_CONVERSION = YES;
				GCC_WARN_ABOUT_RETURN_TYPE = YES_ERROR;
				GCC_WARN_UNDECLARED_SELECTOR = YES;
				GCC_WARN_UNINITIALIZED_AUTOS = YES_AGGRESSIVE;
				GCC_WARN_UNUSED_FUNCTION = YES;
				GCC_WARN_UNUSED_VARIABLE = YES;
				IPHONEOS_DEPLOYMENT_TARGET = 8.4;
				MTL_ENABLE_DEBUG_INFO = NO;
				SDKROOT = iphoneos;
				VALIDATE_PRODUCT = YES;
			};
			name = Release;
		};
		7E6C23E91B5912F300633B06 /* Debug */ = {
			isa = XCBuildConfiguration;
			buildSettings = {
				LIBRARY_SEARCH_PATHS = (
					"$(inherited)",
					"$(PROJECT_DIR)/src",
				);
				OTHER_LDFLAGS = "-ObjC";
				PRODUCT_NAME = "$(TARGET_NAME)";
				SKIP_INSTALL = YES;
			};
			name = Debug;
		};
		7E6C23EA1B5912F300633B06 /* Release */ = {
			isa = XCBuildConfiguration;
			buildSettings = {
				LIBRARY_SEARCH_PATHS = (
					"$(inherited)",
					"$(PROJECT_DIR)/src",
				);
				OTHER_LDFLAGS = "-ObjC";
				PRODUCT_NAME = "$(TARGET_NAME)";
				SKIP_INSTALL = YES;
			};
			name = Release;
		};
		7E6C23EC1B5912F300633B06 /* Debug */ = {
			isa = XCBuildConfiguration;
			buildSettings = {
				"CODE_SIGN_IDENTITY[sdk=iphoneos*]" = "iPhone Developer";
				FRAMEWORK_SEARCH_PATHS = (
					"$(SDKROOT)/Developer/Library/Frameworks",
					"$(inherited)",
				);
				GCC_PREPROCESSOR_DEFINITIONS = (
					"DEBUG=1",
					"$(inherited)",
				);
				INFOPLIST_FILE = luaTests/Info.plist;
				LD_RUNPATH_SEARCH_PATHS = "$(inherited) @executable_path/Frameworks @loader_path/Frameworks";
				PRODUCT_NAME = "$(TARGET_NAME)";
			};
			name = Debug;
		};
		7E6C23ED1B5912F300633B06 /* Release */ = {
			isa = XCBuildConfiguration;
			buildSettings = {
				"CODE_SIGN_IDENTITY[sdk=iphoneos*]" = "iPhone Developer";
				FRAMEWORK_SEARCH_PATHS = (
					"$(SDKROOT)/Developer/Library/Frameworks",
					"$(inherited)",
				);
				INFOPLIST_FILE = luaTests/Info.plist;
				LD_RUNPATH_SEARCH_PATHS = "$(inherited) @executable_path/Frameworks @loader_path/Frameworks";
				PRODUCT_NAME = "$(TARGET_NAME)";
			};
			name = Release;
		};
/* End XCBuildConfiguration section */

/* Begin XCConfigurationList section */
		7E6C23CF1B5912F300633B06 /* Build configuration list for PBXProject "lua" */ = {
			isa = XCConfigurationList;
			buildConfigurations = (
				7E6C23E61B5912F300633B06 /* Debug */,
				7E6C23E71B5912F300633B06 /* Release */,
			);
			defaultConfigurationIsVisible = 0;
			defaultConfigurationName = Release;
		};
		7E6C23E81B5912F300633B06 /* Build configuration list for PBXNativeTarget "lua" */ = {
			isa = XCConfigurationList;
			buildConfigurations = (
				7E6C23E91B5912F300633B06 /* Debug */,
				7E6C23EA1B5912F300633B06 /* Release */,
			);
			defaultConfigurationIsVisible = 0;
		};
		7E6C23EB1B5912F300633B06 /* Build configuration list for PBXNativeTarget "luaTests" */ = {
			isa = XCConfigurationList;
			buildConfigurations = (
				7E6C23EC1B5912F300633B06 /* Debug */,
				7E6C23ED1B5912F300633B06 /* Release */,
			);
			defaultConfigurationIsVisible = 0;
		};
/* End XCConfigurationList section */
	};
	rootObject = 7E6C23CC1B5912F300633B06 /* Project object */;
}
